// !$*UTF8*$!
{
	archiveVersion = 1;
	classes = {
	};
	objectVersion = 50;
	objects = {

/* Begin PBXBuildFile section */
		2AD99480B8F047506A0D8511 /* Pods_CryptoWallet.framework in Frameworks */ = {isa = PBXBuildFile; fileRef = 336EBA22EEE97383DFF4F062 /* Pods_CryptoWallet.framework */; };
		C22C758426DD1E1E00A02FF5 /* AppDelegate.swift in Sources */ = {isa = PBXBuildFile; fileRef = C22C758326DD1E1E00A02FF5 /* AppDelegate.swift */; };
		C22C758626DD1E1E00A02FF5 /* SceneDelegate.swift in Sources */ = {isa = PBXBuildFile; fileRef = C22C758526DD1E1E00A02FF5 /* SceneDelegate.swift */; };
		C22C758826DD1E1E00A02FF5 /* ViewController.swift in Sources */ = {isa = PBXBuildFile; fileRef = C22C758726DD1E1E00A02FF5 /* ViewController.swift */; };
		C22C758B26DD1E1E00A02FF5 /* Main.storyboard in Resources */ = {isa = PBXBuildFile; fileRef = C22C758926DD1E1E00A02FF5 /* Main.storyboard */; };
		C22C758D26DD1E1F00A02FF5 /* Assets.xcassets in Resources */ = {isa = PBXBuildFile; fileRef = C22C758C26DD1E1F00A02FF5 /* Assets.xcassets */; };
		C22C759026DD1E1F00A02FF5 /* LaunchScreen.storyboard in Resources */ = {isa = PBXBuildFile; fileRef = C22C758E26DD1E1F00A02FF5 /* LaunchScreen.storyboard */; };
		C22C759C26DD1FEF00A02FF5 /* CryptoCell.swift in Sources */ = {isa = PBXBuildFile; fileRef = C22C759B26DD1FEF00A02FF5 /* CryptoCell.swift */; };
		C22C759E26DD22D500A02FF5 /* CryptoCurrency.swift in Sources */ = {isa = PBXBuildFile; fileRef = C22C759D26DD22D500A02FF5 /* CryptoCurrency.swift */; };
		C22C75A026DD23A200A02FF5 /* WebService.swift in Sources */ = {isa = PBXBuildFile; fileRef = C22C759F26DD23A200A02FF5 /* WebService.swift */; };
		C2D95B1626DD43BA00A3D17A /* CryptoViewModel.swift in Sources */ = {isa = PBXBuildFile; fileRef = C2D95B1526DD43BA00A3D17A /* CryptoViewModel.swift */; };
/* End PBXBuildFile section */

/* Begin PBXFileReference section */
		06168B923DC9187F7A45E21A /* Pods-CryptoWallet.debug.xcconfig */ = {isa = PBXFileReference; includeInIndex = 1; lastKnownFileType = text.xcconfig; name = "Pods-CryptoWallet.debug.xcconfig"; path = "Target Support Files/Pods-CryptoWallet/Pods-CryptoWallet.debug.xcconfig"; sourceTree = "<group>"; };
		138DA0469BCCDD2C9A415A93 /* Pods-CryptoWallet.release.xcconfig */ = {isa = PBXFileReference; includeInIndex = 1; lastKnownFileType = text.xcconfig; name = "Pods-CryptoWallet.release.xcconfig"; path = "Target Support Files/Pods-CryptoWallet/Pods-CryptoWallet.release.xcconfig"; sourceTree = "<group>"; };
		336EBA22EEE97383DFF4F062 /* Pods_CryptoWallet.framework */ = {isa = PBXFileReference; explicitFileType = wrapper.framework; includeInIndex = 0; path = Pods_CryptoWallet.framework; sourceTree = BUILT_PRODUCTS_DIR; };
		C22C758026DD1E1E00A02FF5 /* CryptoWallet.app */ = {isa = PBXFileReference; explicitFileType = wrapper.application; includeInIndex = 0; path = CryptoWallet.app; sourceTree = BUILT_PRODUCTS_DIR; };
		C22C758326DD1E1E00A02FF5 /* AppDelegate.swift */ = {isa = PBXFileReference; lastKnownFileType = sourcecode.swift; path = AppDelegate.swift; sourceTree = "<group>"; };
		C22C758526DD1E1E00A02FF5 /* SceneDelegate.swift */ = {isa = PBXFileReference; lastKnownFileType = sourcecode.swift; path = SceneDelegate.swift; sourceTree = "<group>"; };
		C22C758726DD1E1E00A02FF5 /* ViewController.swift */ = {isa = PBXFileReference; lastKnownFileType = sourcecode.swift; path = ViewController.swift; sourceTree = "<group>"; };
		C22C758A26DD1E1E00A02FF5 /* Base */ = {isa = PBXFileReference; lastKnownFileType = file.storyboard; name = Base; path = Base.lproj/Main.storyboard; sourceTree = "<group>"; };
		C22C758C26DD1E1F00A02FF5 /* Assets.xcassets */ = {isa = PBXFileReference; lastKnownFileType = folder.assetcatalog; path = Assets.xcassets; sourceTree = "<group>"; };
		C22C758F26DD1E1F00A02FF5 /* Base */ = {isa = PBXFileReference; lastKnownFileType = file.storyboard; name = Base; path = Base.lproj/LaunchScreen.storyboard; sourceTree = "<group>"; };
		C22C759126DD1E1F00A02FF5 /* Info.plist */ = {isa = PBXFileReference; lastKnownFileType = text.plist.xml; path = Info.plist; sourceTree = "<group>"; };
		C22C759B26DD1FEF00A02FF5 /* CryptoCell.swift */ = {isa = PBXFileReference; lastKnownFileType = sourcecode.swift; path = CryptoCell.swift; sourceTree = "<group>"; };
		C22C759D26DD22D500A02FF5 /* CryptoCurrency.swift */ = {isa = PBXFileReference; lastKnownFileType = sourcecode.swift; path = CryptoCurrency.swift; sourceTree = "<group>"; };
		C22C759F26DD23A200A02FF5 /* WebService.swift */ = {isa = PBXFileReference; lastKnownFileType = sourcecode.swift; path = WebService.swift; sourceTree = "<group>"; };
		C2D95B1526DD43BA00A3D17A /* CryptoViewModel.swift */ = {isa = PBXFileReference; lastKnownFileType = sourcecode.swift; path = CryptoViewModel.swift; sourceTree = "<group>"; };
/* End PBXFileReference section */

/* Begin PBXFrameworksBuildPhase section */
		C22C757D26DD1E1E00A02FF5 /* Frameworks */ = {
			isa = PBXFrameworksBuildPhase;
			buildActionMask = 2147483647;
			files = (
				2AD99480B8F047506A0D8511 /* Pods_CryptoWallet.framework in Frameworks */,
			);
			runOnlyForDeploymentPostprocessing = 0;
		};
/* End PBXFrameworksBuildPhase section */

/* Begin PBXGroup section */
		955724357489704903E09214 /* Pods */ = {
			isa = PBXGroup;
			children = (
				06168B923DC9187F7A45E21A /* Pods-CryptoWallet.debug.xcconfig */,
				138DA0469BCCDD2C9A415A93 /* Pods-CryptoWallet.release.xcconfig */,
			);
			name = Pods;
			path = Pods;
			sourceTree = "<group>";
		};
		C22C757726DD1E1E00A02FF5 = {
			isa = PBXGroup;
			children = (
				C22C758226DD1E1E00A02FF5 /* CryptoWallet */,
				C22C758126DD1E1E00A02FF5 /* Products */,
				955724357489704903E09214 /* Pods */,
				DB749E01B17CD5D189A121B2 /* Frameworks */,
			);
			sourceTree = "<group>";
		};
		C22C758126DD1E1E00A02FF5 /* Products */ = {
			isa = PBXGroup;
			children = (
				C22C758026DD1E1E00A02FF5 /* CryptoWallet.app */,
			);
			name = Products;
			sourceTree = "<group>";
		};
		C22C758226DD1E1E00A02FF5 /* CryptoWallet */ = {
			isa = PBXGroup;
			children = (
				C22C759726DD1F2E00A02FF5 /* Service */,
				C22C759926DD1F3800A02FF5 /* ViewModel */,
				C22C759826DD1F3300A02FF5 /* View */,
				C22C759A26DD1F6700A02FF5 /* Model */,
				C22C758926DD1E1E00A02FF5 /* Main.storyboard */,
				C22C758C26DD1E1F00A02FF5 /* Assets.xcassets */,
				C22C758E26DD1E1F00A02FF5 /* LaunchScreen.storyboard */,
				C22C759126DD1E1F00A02FF5 /* Info.plist */,
			);
			path = CryptoWallet;
			sourceTree = "<group>";
		};
		C22C759726DD1F2E00A02FF5 /* Service */ = {
			isa = PBXGroup;
			children = (
				C22C759F26DD23A200A02FF5 /* WebService.swift */,
			);
			path = Service;
			sourceTree = "<group>";
		};
		C22C759826DD1F3300A02FF5 /* View */ = {
			isa = PBXGroup;
			children = (
				C22C758326DD1E1E00A02FF5 /* AppDelegate.swift */,
				C22C758526DD1E1E00A02FF5 /* SceneDelegate.swift */,
				C22C759B26DD1FEF00A02FF5 /* CryptoCell.swift */,
				C22C758726DD1E1E00A02FF5 /* ViewController.swift */,
			);
			path = View;
			sourceTree = "<group>";
		};
		C22C759926DD1F3800A02FF5 /* ViewModel */ = {
			isa = PBXGroup;
			children = (
				C2D95B1526DD43BA00A3D17A /* CryptoViewModel.swift */,
			);
			path = ViewModel;
			sourceTree = "<group>";
		};
		C22C759A26DD1F6700A02FF5 /* Model */ = {
			isa = PBXGroup;
			children = (
				C22C759D26DD22D500A02FF5 /* CryptoCurrency.swift */,
			);
			path = Model;
			sourceTree = "<group>";
		};
		DB749E01B17CD5D189A121B2 /* Frameworks */ = {
			isa = PBXGroup;
			children = (
				336EBA22EEE97383DFF4F062 /* Pods_CryptoWallet.framework */,
			);
			name = Frameworks;
			sourceTree = "<group>";
		};
/* End PBXGroup section */

/* Begin PBXNativeTarget section */
		C22C757F26DD1E1E00A02FF5 /* CryptoWallet */ = {
			isa = PBXNativeTarget;
			buildConfigurationList = C22C759426DD1E1F00A02FF5 /* Build configuration list for PBXNativeTarget "CryptoWallet" */;
			buildPhases = (
				7BB5CFF920C2C06FE6023A38 /* [CP] Check Pods Manifest.lock */,
				C22C757C26DD1E1E00A02FF5 /* Sources */,
				C22C757D26DD1E1E00A02FF5 /* Frameworks */,
				C22C757E26DD1E1E00A02FF5 /* Resources */,
				DAC8888A17EFDA5EC7216E38 /* [CP] Embed Pods Frameworks */,
			);
			buildRules = (
			);
			dependencies = (
			);
			name = CryptoWallet;
			productName = CryptoWallet;
			productReference = C22C758026DD1E1E00A02FF5 /* CryptoWallet.app */;
			productType = "com.apple.product-type.application";
		};
/* End PBXNativeTarget section */

/* Begin PBXProject section */
		C22C757826DD1E1E00A02FF5 /* Project object */ = {
			isa = PBXProject;
			attributes = {
				LastSwiftUpdateCheck = 1250;
				LastUpgradeCheck = 1250;
				TargetAttributes = {
					C22C757F26DD1E1E00A02FF5 = {
						CreatedOnToolsVersion = 12.5.1;
					};
				};
			};
			buildConfigurationList = C22C757B26DD1E1E00A02FF5 /* Build configuration list for PBXProject "CryptoWallet" */;
			compatibilityVersion = "Xcode 9.3";
			developmentRegion = en;
			hasScannedForEncodings = 0;
			knownRegions = (
				en,
				Base,
			);
			mainGroup = C22C757726DD1E1E00A02FF5;
			productRefGroup = C22C758126DD1E1E00A02FF5 /* Products */;
			projectDirPath = "";
			projectRoot = "";
			targets = (
				C22C757F26DD1E1E00A02FF5 /* CryptoWallet */,
			);
		};
/* End PBXProject section */

/* Begin PBXResourcesBuildPhase section */
		C22C757E26DD1E1E00A02FF5 /* Resources */ = {
			isa = PBXResourcesBuildPhase;
			buildActionMask = 2147483647;
			files = (
				C22C759026DD1E1F00A02FF5 /* LaunchScreen.storyboard in Resources */,
				C22C758D26DD1E1F00A02FF5 /* Assets.xcassets in Resources */,
				C22C758B26DD1E1E00A02FF5 /* Main.storyboard in Resources */,
			);
			runOnlyForDeploymentPostprocessing = 0;
		};
/* End PBXResourcesBuildPhase section */

/* Begin PBXShellScriptBuildPhase section */
		7BB5CFF920C2C06FE6023A38 /* [CP] Check Pods Manifest.lock */ = {
			isa = PBXShellScriptBuildPhase;
			buildActionMask = 2147483647;
			files = (
			);
			inputFileListPaths = (
			);
			inputPaths = (
				"${PODS_PODFILE_DIR_PATH}/Podfile.lock",
				"${PODS_ROOT}/Manifest.lock",
			);
			name = "[CP] Check Pods Manifest.lock";
			outputFileListPaths = (
			);
			outputPaths = (
				"$(DERIVED_FILE_DIR)/Pods-CryptoWallet-checkManifestLockResult.txt",
			);
			runOnlyForDeploymentPostprocessing = 0;
			shellPath = /bin/sh;
			shellScript = "diff \"${PODS_PODFILE_DIR_PATH}/Podfile.lock\" \"${PODS_ROOT}/Manifest.lock\" > /dev/null\nif [ $? != 0 ] ; then\n    # print error to STDERR\n    echo \"error: The sandbox is not in sync with the Podfile.lock. Run 'pod install' or update your CocoaPods installation.\" >&2\n    exit 1\nfi\n# This output is used by Xcode 'outputs' to avoid re-running this script phase.\necho \"SUCCESS\" > \"${SCRIPT_OUTPUT_FILE_0}\"\n";
			showEnvVarsInLog = 0;
		};
		DAC8888A17EFDA5EC7216E38 /* [CP] Embed Pods Frameworks */ = {
			isa = PBXShellScriptBuildPhase;
			buildActionMask = 2147483647;
			files = (
			);
			inputFileListPaths = (
				"${PODS_ROOT}/Target Support Files/Pods-CryptoWallet/Pods-CryptoWallet-frameworks-${CONFIGURATION}-input-files.xcfilelist",
			);
			name = "[CP] Embed Pods Frameworks";
			outputFileListPaths = (
				"${PODS_ROOT}/Target Support Files/Pods-CryptoWallet/Pods-CryptoWallet-frameworks-${CONFIGURATION}-output-files.xcfilelist",
			);
			runOnlyForDeploymentPostprocessing = 0;
			shellPath = /bin/sh;
			shellScript = "\"${PODS_ROOT}/Target Support Files/Pods-CryptoWallet/Pods-CryptoWallet-frameworks.sh\"\n";
			showEnvVarsInLog = 0;
		};
/* End PBXShellScriptBuildPhase section */

/* Begin PBXSourcesBuildPhase section */
		C22C757C26DD1E1E00A02FF5 /* Sources */ = {
			isa = PBXSourcesBuildPhase;
			buildActionMask = 2147483647;
			files = (
				C22C75A026DD23A200A02FF5 /* WebService.swift in Sources */,
				C22C759C26DD1FEF00A02FF5 /* CryptoCell.swift in Sources */,
				C22C758826DD1E1E00A02FF5 /* ViewController.swift in Sources */,
				C2D95B1626DD43BA00A3D17A /* CryptoViewModel.swift in Sources */,
				C22C758426DD1E1E00A02FF5 /* AppDelegate.swift in Sources */,
				C22C759E26DD22D500A02FF5 /* CryptoCurrency.swift in Sources */,
				C22C758626DD1E1E00A02FF5 /* SceneDelegate.swift in Sources */,
			);
			runOnlyForDeploymentPostprocessing = 0;
		};
/* End PBXSourcesBuildPhase section */

/* Begin PBXVariantGroup section */
		C22C758926DD1E1E00A02FF5 /* Main.storyboard */ = {
			isa = PBXVariantGroup;
			children = (
				C22C758A26DD1E1E00A02FF5 /* Base */,
			);
			name = Main.storyboard;
			sourceTree = "<group>";
		};
		C22C758E26DD1E1F00A02FF5 /* LaunchScreen.storyboard */ = {
			isa = PBXVariantGroup;
			children = (
				C22C758F26DD1E1F00A02FF5 /* Base */,
			);
			name = LaunchScreen.storyboard;
			sourceTree = "<group>";
		};
/* End PBXVariantGroup section */

/* Begin XCBuildConfiguration section */
		C22C759226DD1E1F00A02FF5 /* Debug */ = {
			isa = XCBuildConfiguration;
			buildSettings = {
				ALWAYS_SEARCH_USER_PATHS = NO;
				CLANG_ANALYZER_NONNULL = YES;
				CLANG_ANALYZER_NUMBER_OBJECT_CONVERSION = YES_AGGRESSIVE;
				CLANG_CXX_LANGUAGE_STANDARD = "gnu++14";
				CLANG_CXX_LIBRARY = "libc++";
				CLANG_ENABLE_MODULES = YES;
				CLANG_ENABLE_OBJC_ARC = YES;
				CLANG_ENABLE_OBJC_WEAK = YES;
				CLANG_WARN_BLOCK_CAPTURE_AUTORELEASING = YES;
				CLANG_WARN_BOOL_CONVERSION = YES;
				CLANG_WARN_COMMA = YES;
				CLANG_WARN_CONSTANT_CONVERSION = YES;
				CLANG_WARN_DEPRECATED_OBJC_IMPLEMENTATIONS = YES;
				CLANG_WARN_DIRECT_OBJC_ISA_USAGE = YES_ERROR;
				CLANG_WARN_DOCUMENTATION_COMMENTS = YES;
				CLANG_WARN_EMPTY_BODY = YES;
				CLANG_WARN_ENUM_CONVERSION = YES;
				CLANG_WARN_INFINITE_RECURSION = YES;
				CLANG_WARN_INT_CONVERSION = YES;
				CLANG_WARN_NON_LITERAL_NULL_CONVERSION = YES;
				CLANG_WARN_OBJC_IMPLICIT_RETAIN_SELF = YES;
				CLANG_WARN_OBJC_LITERAL_CONVERSION = YES;
				CLANG_WARN_OBJC_ROOT_CLASS = YES_ERROR;
				CLANG_WARN_QUOTED_INCLUDE_IN_FRAMEWORK_HEADER = YES;
				CLANG_WARN_RANGE_LOOP_ANALYSIS = YES;
				CLANG_WARN_STRICT_PROTOTYPES = YES;
				CLANG_WARN_SUSPICIOUS_MOVE = YES;
				CLANG_WARN_UNGUARDED_AVAILABILITY = YES_AGGRESSIVE;
				CLANG_WARN_UNREACHABLE_CODE = YES;
				CLANG_WARN__DUPLICATE_METHOD_MATCH = YES;
				COPY_PHASE_STRIP = NO;
				DEBUG_INFORMATION_FORMAT = dwarf;
				ENABLE_STRICT_OBJC_MSGSEND = YES;
				ENABLE_TESTABILITY = YES;
				GCC_C_LANGUAGE_STANDARD = gnu11;
				GCC_DYNAMIC_NO_PIC = NO;
				GCC_NO_COMMON_BLOCKS = YES;
				GCC_OPTIMIZATION_LEVEL = 0;
				GCC_PREPROCESSOR_DEFINITIONS = (
					"DEBUG=1",
					"$(inherited)",
				);
				GCC_WARN_64_TO_32_BIT_CONVERSION = YES;
				GCC_WARN_ABOUT_RETURN_TYPE = YES_ERROR;
				GCC_WARN_UNDECLARED_SELECTOR = YES;
				GCC_WARN_UNINITIALIZED_AUTOS = YES_AGGRESSIVE;
				GCC_WARN_UNUSED_FUNCTION = YES;
				GCC_WARN_UNUSED_VARIABLE = YES;
				IPHONEOS_DEPLOYMENT_TARGET = 14.5;
				MTL_ENABLE_DEBUG_INFO = INCLUDE_SOURCE;
				MTL_FAST_MATH = YES;
				ONLY_ACTIVE_ARCH = YES;
				SDKROOT = iphoneos;
				SWIFT_ACTIVE_COMPILATION_CONDITIONS = DEBUG;
				SWIFT_OPTIMIZATION_LEVEL = "-Onone";
			};
			name = Debug;
		};
		C22C759326DD1E1F00A02FF5 /* Release */ = {
			isa = XCBuildConfiguration;
			buildSettings = {
				ALWAYS_SEARCH_USER_PATHS = NO;
				CLANG_ANALYZER_NONNULL = YES;
				CLANG_ANALYZER_NUMBER_OBJECT_CONVERSION = YES_AGGRESSIVE;
				CLANG_CXX_LANGUAGE_STANDARD = "gnu++14";
				CLANG_CXX_LIBRARY = "libc++";
				CLANG_ENABLE_MODULES = YES;
				CLANG_ENABLE_OBJC_ARC = YES;
				CLANG_ENABLE_OBJC_WEAK = YES;
				CLANG_WARN_BLOCK_CAPTURE_AUTORELEASING = YES;
				CLANG_WARN_BOOL_CONVERSION = YES;
				CLANG_WARN_COMMA = YES;
				CLANG_WARN_CONSTANT_CONVERSION = YES;
				CLANG_WARN_DEPRECATED_OBJC_IMPLEMENTATIONS = YES;
				CLANG_WARN_DIRECT_OBJC_ISA_USAGE = YES_ERROR;
				CLANG_WARN_DOCUMENTATION_COMMENTS = YES;
				CLANG_WARN_EMPTY_BODY = YES;
				CLANG_WARN_ENUM_CONVERSION = YES;
				CLANG_WARN_INFINITE_RECURSION = YES;
				CLANG_WARN_INT_CONVERSION = YES;
				CLANG_WARN_NON_LITERAL_NULL_CONVERSION = YES;
				CLANG_WARN_OBJC_IMPLICIT_RETAIN_SELF = YES;
				CLANG_WARN_OBJC_LITERAL_CONVERSION = YES;
				CLANG_WARN_OBJC_ROOT_CLASS = YES_ERROR;
				CLANG_WARN_QUOTED_INCLUDE_IN_FRAMEWORK_HEADER = YES;
				CLANG_WARN_RANGE_LOOP_ANALYSIS = YES;
				CLANG_WARN_STRICT_PROTOTYPES = YES;
				CLANG_WARN_SUSPICIOUS_MOVE = YES;
				CLANG_WARN_UNGUARDED_AVAILABILITY = YES_AGGRESSIVE;
				CLANG_WARN_UNREACHABLE_CODE = YES;
				CLANG_WARN__DUPLICATE_METHOD_MATCH = YES;
				COPY_PHASE_STRIP = NO;
				DEBUG_INFORMATION_FORMAT = "dwarf-with-dsym";
				ENABLE_NS_ASSERTIONS = NO;
				ENABLE_STRICT_OBJC_MSGSEND = YES;
				GCC_C_LANGUAGE_STANDARD = gnu11;
				GCC_NO_COMMON_BLOCKS = YES;
				GCC_WARN_64_TO_32_BIT_CONVERSION = YES;
				GCC_WARN_ABOUT_RETURN_TYPE = YES_ERROR;
				GCC_WARN_UNDECLARED_SELECTOR = YES;
				GCC_WARN_UNINITIALIZED_AUTOS = YES_AGGRESSIVE;
				GCC_WARN_UNUSED_FUNCTION = YES;
				GCC_WARN_UNUSED_VARIABLE = YES;
				IPHONEOS_DEPLOYMENT_TARGET = 14.5;
				MTL_ENABLE_DEBUG_INFO = NO;
				MTL_FAST_MATH = YES;
				SDKROOT = iphoneos;
				SWIFT_COMPILATION_MODE = wholemodule;
				SWIFT_OPTIMIZATION_LEVEL = "-O";
				VALIDATE_PRODUCT = YES;
			};
			name = Release;
		};
		C22C759526DD1E1F00A02FF5 /* Debug */ = {
			isa = XCBuildConfiguration;
			baseConfigurationReference = 06168B923DC9187F7A45E21A /* Pods-CryptoWallet.debug.xcconfig */;
			buildSettings = {
				ASSETCATALOG_COMPILER_APPICON_NAME = AppIcon;
				ASSETCATALOG_COMPILER_GLOBAL_ACCENT_COLOR_NAME = AccentColor;
				CODE_SIGN_STYLE = Automatic;
				DEVELOPMENT_TEAM = 5JMD3VSD7N;
				INFOPLIST_FILE = CryptoWallet/Info.plist;
				LD_RUNPATH_SEARCH_PATHS = (
					"$(inherited)",
					"@executable_path/Frameworks",
				);
				PRODUCT_BUNDLE_IDENTIFIER = com.ArdaSenturk.CryptoWallet;
				PRODUCT_NAME = "$(TARGET_NAME)";
				SWIFT_VERSION = 5.0;
				TARGETED_DEVICE_FAMILY = "1,2";
			};
			name = Debug;
		};
		C22C759626DD1E1F00A02FF5 /* Release */ = {
			isa = XCBuildConfiguration;
			baseConfigurationReference = 138DA0469BCCDD2C9A415A93 /* Pods-CryptoWallet.release.xcconfig */;
			buildSettings = {
				ASSETCATALOG_COMPILER_APPICON_NAME = AppIcon;
				ASSETCATALOG_COMPILER_GLOBAL_ACCENT_COLOR_NAME = AccentColor;
				CODE_SIGN_STYLE = Automatic;
				DEVELOPMENT_TEAM = 5JMD3VSD7N;
				INFOPLIST_FILE = CryptoWallet/Info.plist;
				LD_RUNPATH_SEARCH_PATHS = (
					"$(inherited)",
					"@executable_path/Frameworks",
				);
				PRODUCT_BUNDLE_IDENTIFIER = com.ArdaSenturk.CryptoWallet;
				PRODUCT_NAME = "$(TARGET_NAME)";
				SWIFT_VERSION = 5.0;
				TARGETED_DEVICE_FAMILY = "1,2";
			};
			name = Release;
		};
/* End XCBuildConfiguration section */

/* Begin XCConfigurationList section */
		C22C757B26DD1E1E00A02FF5 /* Build configuration list for PBXProject "CryptoWallet" */ = {
			isa = XCConfigurationList;
			buildConfigurations = (
				C22C759226DD1E1F00A02FF5 /* Debug */,
				C22C759326DD1E1F00A02FF5 /* Release */,
			);
			defaultConfigurationIsVisible = 0;
			defaultConfigurationName = Release;
		};
		C22C759426DD1E1F00A02FF5 /* Build configuration list for PBXNativeTarget "CryptoWallet" */ = {
			isa = XCConfigurationList;
			buildConfigurations = (
				C22C759526DD1E1F00A02FF5 /* Debug */,
				C22C759626DD1E1F00A02FF5 /* Release */,
			);
			defaultConfigurationIsVisible = 0;
			defaultConfigurationName = Release;
		};
/* End XCConfigurationList section */
	};
	rootObject = C22C757826DD1E1E00A02FF5 /* Project object */;
}
